
Microsoft Visual Studio Solution File, Format Version 12.00
# Visual Studio Version 17
VisualStudioVersion = 17.9.34616.47
MinimumVisualStudioVersion = 10.0.40219.1
Project("{9A19103F-16F7-4668-BE54-9A1E7A4F7556}") = "Newsletter.Domain", "Newsletter.Domain\Newsletter.Domain.csproj", "{65CB0F26-0D17-4037-9339-8413F78D34D7}"
EndProject
Project("{9A19103F-16F7-4668-BE54-9A1E7A4F7556}") = "Newsletter.Application", "Newsletter.Application\Newsletter.Application.csproj", "{12BFEBE3-9564-4DE5-B822-36FE6219230B}"
EndProject
Project("{9A19103F-16F7-4668-BE54-9A1E7A4F7556}") = "Newsletter.Infrastructure", "Newsletter.Infrastructure\Newsletter.Infrastructure.csproj", "{C8E679A2-FB4A-4213-AC23-9674DA0AE634}"
EndProject
Project("{9A19103F-16F7-4668-BE54-9A1E7A4F7556}") = "Newsletter.MVC", "Newsletter.MVC\Newsletter.MVC.csproj", "{5EC94CAA-0970-47B2-97A5-7A3F61E19F15}"
EndProject
Project("{FAE04EC0-301F-11D3-BF4B-00C04F79EFBC}") = "Newsletter.Consumer", "Newsletter.Consumer\Newsletter.Consumer.csproj", "{79D74A45-8C9F-4CBA-B208-08060B4C434B}"
EndProject
Global
	GlobalSection(SolutionConfigurationPlatforms) = preSolution
		Debug|Any CPU = Debug|Any CPU
		Release|Any CPU = Release|Any CPU
	EndGlobalSection
	GlobalSection(ProjectConfigurationPlatforms) = postSolution
		{65CB0F26-0D17-4037-9339-8413F78D34D7}.Debug|Any CPU.ActiveCfg = Debug|Any CPU
		{65CB0F26-0D17-4037-9339-8413F78D34D7}.Debug|Any CPU.Build.0 = Debug|Any CPU
		{65CB0F26-0D17-4037-9339-8413F78D34D7}.Release|Any CPU.ActiveCfg = Release|Any CPU
		{65CB0F26-0D17-4037-9339-8413F78D34D7}.Release|Any CPU.Build.0 = Release|Any CPU
		{12BFEBE3-9564-4DE5-B822-36FE6219230B}.Debug|Any CPU.ActiveCfg = Debug|Any CPU
		{12BFEBE3-9564-4DE5-B822-36FE6219230B}.Debug|Any CPU.Build.0 = Debug|Any CPU
		{12BFEBE3-9564-4DE5-B822-36FE6219230B}.Release|Any CPU.ActiveCfg = Release|Any CPU
		{12BFEBE3-9564-4DE5-B822-36FE6219230B}.Release|Any CPU.Build.0 = Release|Any CPU
		{C8E679A2-FB4A-4213-AC23-9674DA0AE634}.Debug|Any CPU.ActiveCfg = Debug|Any CPU
		{C8E679A2-FB4A-4213-AC23-9674DA0AE634}.Debug|Any CPU.Build.0 = Debug|Any CPU
		{C8E679A2-FB4A-4213-AC23-9674DA0AE634}.Release|Any CPU.ActiveCfg = Release|Any CPU
		{C8E679A2-FB4A-4213-AC23-9674DA0AE634}.Release|Any CPU.Build.0 = Release|Any CPU
		{5EC94CAA-0970-47B2-97A5-7A3F61E19F15}.Debug|Any CPU.ActiveCfg = Debug|Any CPU
		{5EC94CAA-0970-47B2-97A5-7A3F61E19F15}.Debug|Any CPU.Build.0 = Debug|Any CPU
		{5EC94CAA-0970-47B2-97A5-7A3F61E19F15}.Release|Any CPU.ActiveCfg = Release|Any CPU
		{5EC94CAA-0970-47B2-97A5-7A3F61E19F15}.Release|Any CPU.Build.0 = Release|Any CPU
		{79D74A45-8C9F-4CBA-B208-08060B4C434B}.Debug|Any CPU.ActiveCfg = Debug|Any CPU
		{79D74A45-8C9F-4CBA-B208-08060B4C434B}.Debug|Any CPU.Build.0 = Debug|Any CPU
		{79D74A45-8C9F-4CBA-B208-08060B4C434B}.Release|Any CPU.ActiveCfg = Release|Any CPU
		{79D74A45-8C9F-4CBA-B208-08060B4C434B}.Release|Any CPU.Build.0 = Release|Any CPU
	EndGlobalSection
	GlobalSection(SolutionProperties) = preSolution
		HideSolutionNode = FALSE
	EndGlobalSection
	GlobalSection(ExtensibilityGlobals) = postSolution
		SolutionGuid = {4849CDCC-E833-44C7-933A-77A1A0DE1EAF}
	EndGlobalSection
EndGlobal
